
Microsoft Visual Studio Solution File, Format Version 12.00
# Visual Studio 2013
VisualStudioVersion = 12.0.31101.0
MinimumVisualStudioVersion = 10.0.40219.1
Project("{FAE04EC0-301F-11D3-BF4B-00C04F79EFBC}") = "EventSubject", "EventSubject.csproj", "{178026CB-4125-4797-9082-D2156EBBF70B}"
EndProject
Project("{FAE04EC0-301F-11D3-BF4B-00C04F79EFBC}") = "ValidateEventSubject", "..\ValidateEventSubject\ValidateEventSubject.csproj", "{41537D01-6EF1-4EF5-B512-2386950F1CCC}"
EndProject
Global
	GlobalSection(SolutionConfigurationPlatforms) = preSolution
		Debug|Any CPU = Debug|Any CPU
		Release|Any CPU = Release|Any CPU
	EndGlobalSection
	GlobalSection(ProjectConfigurationPlatforms) = postSolution
		{178026CB-4125-4797-9082-D2156EBBF70B}.Debug|Any CPU.ActiveCfg = Debug|Any CPU
		{178026CB-4125-4797-9082-D2156EBBF70B}.Debug|Any CPU.Build.0 = Debug|Any CPU
		{178026CB-4125-4797-9082-D2156EBBF70B}.Release|Any CPU.ActiveCfg = Release|Any CPU
		{178026CB-4125-4797-9082-D2156EBBF70B}.Release|Any CPU.Build.0 = Release|Any CPU
		{41537D01-6EF1-4EF5-B512-2386950F1CCC}.Debug|Any CPU.ActiveCfg = Debug|Any CPU
		{41537D01-6EF1-4EF5-B512-2386950F1CCC}.Debug|Any CPU.Build.0 = Debug|Any CPU
		{41537D01-6EF1-4EF5-B512-2386950F1CCC}.Release|Any CPU.ActiveCfg = Release|Any CPU
		{41537D01-6EF1-4EF5-B512-2386950F1CCC}.Release|Any CPU.Build.0 = Release|Any CPU
	EndGlobalSection
	GlobalSection(SolutionProperties) = preSolution
		HideSolutionNode = FALSE
	EndGlobalSection
EndGlobal
